
Microsoft Visual Studio Solution File, Format Version 12.00
Project("{FAE04EC0-301F-11D3-BF4B-00C04F79EFBC}") = "ders8ci", "ders8ci\ders8ci.csproj", "{1C9BE572-84FD-4D1C-9066-DAE925B2E697}"
EndProject
Global
	GlobalSection(SolutionConfigurationPlatforms) = preSolution
		Debug|Any CPU = Debug|Any CPU
		Release|Any CPU = Release|Any CPU
	EndGlobalSection
	GlobalSection(ProjectConfigurationPlatforms) = postSolution
		{1C9BE572-84FD-4D1C-9066-DAE925B2E697}.Debug|Any CPU.ActiveCfg = Debug|Any CPU
		{1C9BE572-84FD-4D1C-9066-DAE925B2E697}.Debug|Any CPU.Build.0 = Debug|Any CPU
		{1C9BE572-84FD-4D1C-9066-DAE925B2E697}.Release|Any CPU.ActiveCfg = Release|Any CPU
		{1C9BE572-84FD-4D1C-9066-DAE925B2E697}.Release|Any CPU.Build.0 = Release|Any CPU
	EndGlobalSection
EndGlobal
